
Microsoft Visual Studio Solution File, Format Version 12.00
# Visual Studio Version 17
VisualStudioVersion = 17.10.35013.160
MinimumVisualStudioVersion = 10.0.40219.1
Project("{FAE04EC0-301F-11D3-BF4B-00C04F79EFBC}") = "FileDemo", "FILEdemo\FileDemo.csproj", "{41BC8799-8315-4E0D-8B0B-9DD1F5D0FB1A}"
EndProject
Global
	GlobalSection(SolutionConfigurationPlatforms) = preSolution
		Debug|Any CPU = Debug|Any CPU
		Release|Any CPU = Release|Any CPU
	EndGlobalSection
	GlobalSection(ProjectConfigurationPlatforms) = postSolution
		{41BC8799-8315-4E0D-8B0B-9DD1F5D0FB1A}.Debug|Any CPU.ActiveCfg = Debug|Any CPU
		{41BC8799-8315-4E0D-8B0B-9DD1F5D0FB1A}.Debug|Any CPU.Build.0 = Debug|Any CPU
		{41BC8799-8315-4E0D-8B0B-9DD1F5D0FB1A}.Release|Any CPU.ActiveCfg = Release|Any CPU
		{41BC8799-8315-4E0D-8B0B-9DD1F5D0FB1A}.Release|Any CPU.Build.0 = Release|Any CPU
	EndGlobalSection
	GlobalSection(SolutionProperties) = preSolution
		HideSolutionNode = FALSE
	EndGlobalSection
	GlobalSection(ExtensibilityGlobals) = postSolution
		SolutionGuid = {22FB5292-DF9E-4CB3-B9A2-555CD9C808E3}
	EndGlobalSection
EndGlobal
